
Microsoft Visual Studio Solution File, Format Version 12.00
# Visual Studio Version 17
VisualStudioVersion = 17.3.32825.248
MinimumVisualStudioVersion = 10.0.40219.1
Project("{FAE04EC0-301F-11D3-BF4B-00C04F79EFBC}") = "CSharp_S3AP_LW1E2", "CSharp_S3AP_LW1E2.csproj", "{32B2C462-D725-46DC-9770-4D10A849422F}"
EndProject
Global
	GlobalSection(SolutionConfigurationPlatforms) = preSolution
		Debug|Any CPU = Debug|Any CPU
		Release|Any CPU = Release|Any CPU
	EndGlobalSection
	GlobalSection(ProjectConfigurationPlatforms) = postSolution
		{32B2C462-D725-46DC-9770-4D10A849422F}.Debug|Any CPU.ActiveCfg = Debug|Any CPU
		{32B2C462-D725-46DC-9770-4D10A849422F}.Debug|Any CPU.Build.0 = Debug|Any CPU
		{32B2C462-D725-46DC-9770-4D10A849422F}.Release|Any CPU.ActiveCfg = Release|Any CPU
		{32B2C462-D725-46DC-9770-4D10A849422F}.Release|Any CPU.Build.0 = Release|Any CPU
	EndGlobalSection
	GlobalSection(SolutionProperties) = preSolution
		HideSolutionNode = FALSE
	EndGlobalSection
	GlobalSection(ExtensibilityGlobals) = postSolution
		SolutionGuid = {ECABE6A5-4615-4CB9-9AA3-70095A34B47E}
	EndGlobalSection
EndGlobal
